{
    "name": "slides-viewer",
    "version": "1.0.0",
    "lockfileVersion": 3,
    "requires": true,
    "packages": {
        "": {
            "name": "slides-viewer",
            "version": "1.0.0",
            "dependencies": {
                "@hono/node-server": "^1.8.2",
                "hono": "^4.9.2",
                "js-yaml": "^4.1.0"
            },
            "devDependencies": {
                "@types/js-yaml": "^4.0.0"
            }
        },
        "node_modules/@hono/node-server": {
            "version": "1.18.2",
            "resolved": "https://registry.npmjs.org/@hono/node-server/-/node-server-1.18.2.tgz",
            "integrity": "sha512-icgNvC0vRYivzyuSSaUv9ttcwtN8fDyd1k3AOIBDJgYd84tXRZSS6na8X54CY/oYoFTNhEmZraW/Rb9XYwX4KA==",
            "license": "MIT",
            "engines": {
                "node": ">=18.14.1"
            },
            "peerDependencies": {
                "hono": "^4"
            }
        },
        "node_modules/@types/js-yaml": {
            "version": "4.0.9",
            "resolved": "https://registry.npmjs.org/@types/js-yaml/-/js-yaml-4.0.9.tgz",
            "integrity": "sha512-k4MGaQl5TGo/iipqb2UDG2UwjXziSWkh0uysQelTlJpX1qGlpUZYm8PnO4DxG1qBomtJUdYJ6qR6xdIah10JLg==",
            "dev": true,
            "license": "MIT"
        },
        "node_modules/argparse": {
            "version": "2.0.1",
            "resolved": "https://registry.npmjs.org/argparse/-/argparse-2.0.1.tgz",
            "integrity": "sha512-8+9WqebbFzpX9OR+Wa6O29asIogeRMzcGtAINdpMHHyAg10f05aSFVBbcEqGf/PXw1EjAZ+q2/bEBg3DvurK3Q==",
            "license": "Python-2.0"
        },
        "node_modules/hono": {
            "version": "4.9.2",
            "resolved": "https://registry.npmjs.org/hono/-/hono-4.9.2.tgz",
            "integrity": "sha512-UG2jXGS/gkLH42l/1uROnwXpkjvvxkl3kpopL3LBo27NuaDPI6xHNfuUSilIHcrBkPfl4y0z6y2ByI455TjNRw==",
            "license": "MIT",
            "engines": {
                "node": ">=16.9.0"
            }
        },
        "node_modules/js-yaml": {
            "version": "4.1.0",
            "resolved": "https://registry.npmjs.org/js-yaml/-/js-yaml-4.1.0.tgz",
            "integrity": "sha512-wpxZs9NoxZaJESJGIZTyDEaYpl0FKSA+FB9aJiyemKhMwkxQg63h4T1KJgUGHpTqPDNRcmmYLugrRjJlBtWvRA==",
            "license": "MIT",
            "dependencies": {
                "argparse": "^2.0.1"
            },
            "bin": {
                "js-yaml": "bin/js-yaml.js"
            }
        }
    }
}
